
Microsoft Visual Studio Solution File, Format Version 12.00
# Visual Studio Version 17
VisualStudioVersion = 17.5.002.0
MinimumVisualStudioVersion = 10.0.40219.1
Project("{9A19103F-16F7-4668-BE54-9A1E7A4F7556}") = "c-sharp-pizza-api", "c-sharp-pizza-api.csproj", "{C9D03BD6-86A2-479D-88CC-8DC37D473716}"
EndProject
Global
	GlobalSection(SolutionConfigurationPlatforms) = preSolution
		Debug|Any CPU = Debug|Any CPU
		Release|Any CPU = Release|Any CPU
	EndGlobalSection
	GlobalSection(ProjectConfigurationPlatforms) = postSolution
		{C9D03BD6-86A2-479D-88CC-8DC37D473716}.Debug|Any CPU.ActiveCfg = Debug|Any CPU
		{C9D03BD6-86A2-479D-88CC-8DC37D473716}.Debug|Any CPU.Build.0 = Debug|Any CPU
		{C9D03BD6-86A2-479D-88CC-8DC37D473716}.Release|Any CPU.ActiveCfg = Release|Any CPU
		{C9D03BD6-86A2-479D-88CC-8DC37D473716}.Release|Any CPU.Build.0 = Release|Any CPU
	EndGlobalSection
	GlobalSection(SolutionProperties) = preSolution
		HideSolutionNode = FALSE
	EndGlobalSection
	GlobalSection(ExtensibilityGlobals) = postSolution
		SolutionGuid = {6D590049-B940-48DA-9F04-2A112DF89CE1}
	EndGlobalSection
EndGlobal
